
Microsoft Visual Studio Solution File, Format Version 12.00
# Visual Studio Version 16
VisualStudioVersion = 16.0.31605.320
MinimumVisualStudioVersion = 10.0.40219.1
Project("{FAE04EC0-301F-11D3-BF4B-00C04F79EFBC}") = "TwitterWeather", "TwitterWeather\TwitterWeather.csproj", "{7AE97088-0B92-46E0-8E8C-C4ECE7F28820}"
EndProject
Global
	GlobalSection(SolutionConfigurationPlatforms) = preSolution
		Debug|Any CPU = Debug|Any CPU
		Release|Any CPU = Release|Any CPU
	EndGlobalSection
	GlobalSection(ProjectConfigurationPlatforms) = postSolution
		{7AE97088-0B92-46E0-8E8C-C4ECE7F28820}.Debug|Any CPU.ActiveCfg = Debug|Any CPU
		{7AE97088-0B92-46E0-8E8C-C4ECE7F28820}.Debug|Any CPU.Build.0 = Debug|Any CPU
		{7AE97088-0B92-46E0-8E8C-C4ECE7F28820}.Release|Any CPU.ActiveCfg = Release|Any CPU
		{7AE97088-0B92-46E0-8E8C-C4ECE7F28820}.Release|Any CPU.Build.0 = Release|Any CPU
	EndGlobalSection
	GlobalSection(SolutionProperties) = preSolution
		HideSolutionNode = FALSE
	EndGlobalSection
	GlobalSection(ExtensibilityGlobals) = postSolution
		SolutionGuid = {D35A47F6-8184-4B81-9DB4-55D62FA5FB2B}
	EndGlobalSection
EndGlobal
